
Microsoft Visual Studio Solution File, Format Version 12.00
# Visual Studio Version 17
VisualStudioVersion = 17.3.32901.215
MinimumVisualStudioVersion = 10.0.40219.1
Project("{FAE04EC0-301F-11D3-BF4B-00C04F79EFBC}") = "TempService", "TempService\TempService.csproj", "{1A8DA2FE-2F88-4BF7-9C49-6E14B9789FD5}"
EndProject
Project("{FAE04EC0-301F-11D3-BF4B-00C04F79EFBC}") = "NunitTest", "NunitTest\NunitTest.csproj", "{A4124867-276A-46C1-B5D6-5AE84F413D3D}"
EndProject
Project("{FAE04EC0-301F-11D3-BF4B-00C04F79EFBC}") = "TestProject1", "TestProject1\TestProject1.csproj", "{0D4B78AB-5AB5-4D13-9783-0FDEAB901EA9}"
EndProject
Global
	GlobalSection(SolutionConfigurationPlatforms) = preSolution
		Debug|Any CPU = Debug|Any CPU
		Release|Any CPU = Release|Any CPU
	EndGlobalSection
	GlobalSection(ProjectConfigurationPlatforms) = postSolution
		{1A8DA2FE-2F88-4BF7-9C49-6E14B9789FD5}.Debug|Any CPU.ActiveCfg = Debug|Any CPU
		{1A8DA2FE-2F88-4BF7-9C49-6E14B9789FD5}.Debug|Any CPU.Build.0 = Debug|Any CPU
		{1A8DA2FE-2F88-4BF7-9C49-6E14B9789FD5}.Release|Any CPU.ActiveCfg = Release|Any CPU
		{1A8DA2FE-2F88-4BF7-9C49-6E14B9789FD5}.Release|Any CPU.Build.0 = Release|Any CPU
		{A4124867-276A-46C1-B5D6-5AE84F413D3D}.Debug|Any CPU.ActiveCfg = Debug|Any CPU
		{A4124867-276A-46C1-B5D6-5AE84F413D3D}.Debug|Any CPU.Build.0 = Debug|Any CPU
		{A4124867-276A-46C1-B5D6-5AE84F413D3D}.Release|Any CPU.ActiveCfg = Release|Any CPU
		{A4124867-276A-46C1-B5D6-5AE84F413D3D}.Release|Any CPU.Build.0 = Release|Any CPU
		{0D4B78AB-5AB5-4D13-9783-0FDEAB901EA9}.Debug|Any CPU.ActiveCfg = Debug|Any CPU
		{0D4B78AB-5AB5-4D13-9783-0FDEAB901EA9}.Debug|Any CPU.Build.0 = Debug|Any CPU
		{0D4B78AB-5AB5-4D13-9783-0FDEAB901EA9}.Release|Any CPU.ActiveCfg = Release|Any CPU
		{0D4B78AB-5AB5-4D13-9783-0FDEAB901EA9}.Release|Any CPU.Build.0 = Release|Any CPU
	EndGlobalSection
	GlobalSection(SolutionProperties) = preSolution
		HideSolutionNode = FALSE
	EndGlobalSection
	GlobalSection(ExtensibilityGlobals) = postSolution
		SolutionGuid = {1F7B9EEB-FA92-4F07-8F16-B7BB709FB846}
	EndGlobalSection
EndGlobal
